
Microsoft Visual Studio Solution File, Format Version 12.00
# Visual Studio Version 17
VisualStudioVersion = 17.7.34031.279
MinimumVisualStudioVersion = 10.0.40219.1
Project("{FAE04EC0-301F-11D3-BF4B-00C04F79EFBC}") = "Assignment 6.Server", "Assignment 6\Server\Assignment 6.Server.csproj", "{5BB72936-056D-43A8-A05B-87A739655031}"
EndProject
Project("{FAE04EC0-301F-11D3-BF4B-00C04F79EFBC}") = "Assignment 6.Client", "Assignment 6\Client\Assignment 6.Client.csproj", "{81DFDADB-CFCD-4572-9E7E-BD087A08A544}"
EndProject
Project("{FAE04EC0-301F-11D3-BF4B-00C04F79EFBC}") = "Assignment 6.Shared", "Assignment 6\Shared\Assignment 6.Shared.csproj", "{ADEEF610-B4D2-49A0-AFB2-C22394E96C17}"
EndProject
Global
	GlobalSection(SolutionConfigurationPlatforms) = preSolution
		Debug|Any CPU = Debug|Any CPU
		Release|Any CPU = Release|Any CPU
	EndGlobalSection
	GlobalSection(ProjectConfigurationPlatforms) = postSolution
		{5BB72936-056D-43A8-A05B-87A739655031}.Debug|Any CPU.ActiveCfg = Debug|Any CPU
		{5BB72936-056D-43A8-A05B-87A739655031}.Debug|Any CPU.Build.0 = Debug|Any CPU
		{5BB72936-056D-43A8-A05B-87A739655031}.Release|Any CPU.ActiveCfg = Release|Any CPU
		{5BB72936-056D-43A8-A05B-87A739655031}.Release|Any CPU.Build.0 = Release|Any CPU
		{81DFDADB-CFCD-4572-9E7E-BD087A08A544}.Debug|Any CPU.ActiveCfg = Debug|Any CPU
		{81DFDADB-CFCD-4572-9E7E-BD087A08A544}.Debug|Any CPU.Build.0 = Debug|Any CPU
		{81DFDADB-CFCD-4572-9E7E-BD087A08A544}.Release|Any CPU.ActiveCfg = Release|Any CPU
		{81DFDADB-CFCD-4572-9E7E-BD087A08A544}.Release|Any CPU.Build.0 = Release|Any CPU
		{ADEEF610-B4D2-49A0-AFB2-C22394E96C17}.Debug|Any CPU.ActiveCfg = Debug|Any CPU
		{ADEEF610-B4D2-49A0-AFB2-C22394E96C17}.Debug|Any CPU.Build.0 = Debug|Any CPU
		{ADEEF610-B4D2-49A0-AFB2-C22394E96C17}.Release|Any CPU.ActiveCfg = Release|Any CPU
		{ADEEF610-B4D2-49A0-AFB2-C22394E96C17}.Release|Any CPU.Build.0 = Release|Any CPU
	EndGlobalSection
	GlobalSection(SolutionProperties) = preSolution
		HideSolutionNode = FALSE
	EndGlobalSection
	GlobalSection(ExtensibilityGlobals) = postSolution
		SolutionGuid = {3AE0153F-57F5-4337-8081-AE70DF5FCE8B}
	EndGlobalSection
EndGlobal
